<Solution>
  <Project Path="BankingSystemApp/BankingSystemApp.csproj" Id="78f2a5f3-428c-428d-8f4a-8f661940d29a" />
  <Project Path="Task1Solution/Task1Solution.csproj" />
  <Project Path="Task2Solution/Task2Solution.csproj" Id="01ca5aa0-bb5b-47fb-8af3-833cf6cb0422" />
  <Project Path="Task3Solution/Task3Solution.csproj" Id="4f81c6a9-f91f-43a2-a18e-fa953f8c8e8c" />
  <Project Path="Task4Solution/Task4Solution.csproj" Id="f96ad867-73be-49da-9480-b344260bcf9b" />
  <Project Path="Task5Solution/Task5Solution.csproj" Id="ec6cba77-7a75-431f-afff-8ce07d7b5cbb" />
  <Project Path="Task6Solution/Task6Solution.csproj" Id="f0e58902-0e33-479d-904a-460d9064a4e6" />
</Solution>
